
Microsoft Visual Studio Solution File, Format Version 12.00
# Visual Studio Version 16
VisualStudioVersion = 16.0.30114.105
MinimumVisualStudioVersion = 10.0.40219.1
Project("{8BC9CEB8-8B4A-11D0-8D11-00A0C91BC942}") = "projeto1", "projeto1.vcxproj", "{2EB484A7-8C17-414D-9E31-97A36E865E39}"
EndProject
Global
	GlobalSection(SolutionConfigurationPlatforms) = preSolution
		Debug|x64 = Debug|x64
		Debug|x86 = Debug|x86
		Release|x64 = Release|x64
		Release|x86 = Release|x86
	EndGlobalSection
	GlobalSection(ProjectConfigurationPlatforms) = postSolution
		{2EB484A7-8C17-414D-9E31-97A36E865E39}.Debug|x64.ActiveCfg = Debug|x64
		{2EB484A7-8C17-414D-9E31-97A36E865E39}.Debug|x64.Build.0 = Debug|x64
		{2EB484A7-8C17-414D-9E31-97A36E865E39}.Debug|x86.ActiveCfg = Debug|Win32
		{2EB484A7-8C17-414D-9E31-97A36E865E39}.Debug|x86.Build.0 = Debug|Win32
		{2EB484A7-8C17-414D-9E31-97A36E865E39}.Release|x64.ActiveCfg = Release|x64
		{2EB484A7-8C17-414D-9E31-97A36E865E39}.Release|x64.Build.0 = Release|x64
		{2EB484A7-8C17-414D-9E31-97A36E865E39}.Release|x86.ActiveCfg = Release|Win32
		{2EB484A7-8C17-414D-9E31-97A36E865E39}.Release|x86.Build.0 = Release|Win32
	EndGlobalSection
	GlobalSection(SolutionProperties) = preSolution
		HideSolutionNode = FALSE
	EndGlobalSection
	GlobalSection(ExtensibilityGlobals) = postSolution
		SolutionGuid = {0D863470-8011-4FB1-9EC1-C28102877F19}
	EndGlobalSection
EndGlobal
